
Microsoft Visual Studio Solution File, Format Version 12.00
# Visual Studio Version 17
VisualStudioVersion = 17.14.36203.30 d17.14
MinimumVisualStudioVersion = 10.0.40219.1
Project("{FAE04EC0-301F-11D3-BF4B-00C04F79EFBC}") = "MultronWinCare", "MultronWinCare\MultronWinCare.csproj", "{B6367870-E207-4DAB-A8CB-0D13E5897615}"
EndProject
Global
	GlobalSection(SolutionConfigurationPlatforms) = preSolution
		Debug|Any CPU = Debug|Any CPU
		Release|Any CPU = Release|Any CPU
	EndGlobalSection
	GlobalSection(ProjectConfigurationPlatforms) = postSolution
		{B6367870-E207-4DAB-A8CB-0D13E5897615}.Debug|Any CPU.ActiveCfg = Debug|Any CPU
		{B6367870-E207-4DAB-A8CB-0D13E5897615}.Debug|Any CPU.Build.0 = Debug|Any CPU
		{B6367870-E207-4DAB-A8CB-0D13E5897615}.Release|Any CPU.ActiveCfg = Release|Any CPU
		{B6367870-E207-4DAB-A8CB-0D13E5897615}.Release|Any CPU.Build.0 = Release|Any CPU
	EndGlobalSection
	GlobalSection(SolutionProperties) = preSolution
		HideSolutionNode = FALSE
	EndGlobalSection
	GlobalSection(ExtensibilityGlobals) = postSolution
		SolutionGuid = {078AEE50-DA9C-4AC0-AA5E-25BEC00C0026}
	EndGlobalSection
EndGlobal
